github.com/google/go-cmp v0.5.9 h1:O2Tfq5qg4qc4AmwVlvv0oLiVAGB7enBSJ2x2DqQFi38=
github.com/google/go-cmp v0.5.9/go.mod h1:17dUlkBOakJ0+DkrSSNjCkIjxS6bF9zb3elmeNGIjoY=
github.com/traPtitech/go-traq v0.0.0-20240509050113-9343acbeec35 h1:NoEvHqFhmtyy7ELLp1chwM4R1vhXw2zKeEotkmKvSJw=
github.com/traPtitech/go-traq v0.0.0-20240509050113-9343acbeec35/go.mod h1:7yJs1m/ddCG39XF78GA8FrXqyc4fNPfHp8BSLjMVMY8=
golang.org/x/oauth2 v0.20.0 h1:4mQdhULixXKP1rwYBW0vAijoXnkTG0BLCDRzfe1idMo=
golang.org/x/oauth2 v0.20.0/go.mod h1:XYTD2NtWslqkgxebSiOHnXEap4TF09sJSc7H1sXbhtI=
